
Microsoft Visual Studio Solution File, Format Version 12.00
# Visual Studio 14
VisualStudioVersion = 14.0.23107.0
MinimumVisualStudioVersion = 10.0.40219.1
Project("{FAE04EC0-301F-11D3-BF4B-00C04F79EFBC}") = "LibGDXAtlasForUnity", "LibGDXAtlasForUnity.csproj", "{362FF0B9-3499-41D0-8D4A-D9DF0017EDE1}"
	ProjectSection(ProjectDependencies) = postProject
		{96D00B32-E63D-454E-BFB9-7A79C6FF3662} = {96D00B32-E63D-454E-BFB9-7A79C6FF3662}
	EndProjectSection
EndProject
Project("{FAE04EC0-301F-11D3-BF4B-00C04F79EFBC}") = "LibGDXAtlasExtender.Model", "..\LibGDXAtlasExtender.Model\LibGDXAtlasExtender.Model.csproj", "{96D00B32-E63D-454E-BFB9-7A79C6FF3662}"
EndProject
Project("{FAE04EC0-301F-11D3-BF4B-00C04F79EFBC}") = "LibGDXAtlasParser", "..\LibGDXAtlasParser\LibGDXAtlasParser.csproj", "{FE1EE5AC-0C9D-4A0F-8F76-99B07B56340E}"
EndProject
Global
	GlobalSection(SolutionConfigurationPlatforms) = preSolution
		Debug|Any CPU = Debug|Any CPU
		Release|Any CPU = Release|Any CPU
	EndGlobalSection
	GlobalSection(ProjectConfigurationPlatforms) = postSolution
		{362FF0B9-3499-41D0-8D4A-D9DF0017EDE1}.Debug|Any CPU.ActiveCfg = Debug|Any CPU
		{362FF0B9-3499-41D0-8D4A-D9DF0017EDE1}.Debug|Any CPU.Build.0 = Debug|Any CPU
		{362FF0B9-3499-41D0-8D4A-D9DF0017EDE1}.Release|Any CPU.ActiveCfg = Release|Any CPU
		{362FF0B9-3499-41D0-8D4A-D9DF0017EDE1}.Release|Any CPU.Build.0 = Release|Any CPU
		{96D00B32-E63D-454E-BFB9-7A79C6FF3662}.Debug|Any CPU.ActiveCfg = Debug|Any CPU
		{96D00B32-E63D-454E-BFB9-7A79C6FF3662}.Debug|Any CPU.Build.0 = Debug|Any CPU
		{96D00B32-E63D-454E-BFB9-7A79C6FF3662}.Release|Any CPU.ActiveCfg = Release|Any CPU
		{96D00B32-E63D-454E-BFB9-7A79C6FF3662}.Release|Any CPU.Build.0 = Release|Any CPU
		{FE1EE5AC-0C9D-4A0F-8F76-99B07B56340E}.Debug|Any CPU.ActiveCfg = Debug|Any CPU
		{FE1EE5AC-0C9D-4A0F-8F76-99B07B56340E}.Debug|Any CPU.Build.0 = Debug|Any CPU
		{FE1EE5AC-0C9D-4A0F-8F76-99B07B56340E}.Release|Any CPU.ActiveCfg = Release|Any CPU
		{FE1EE5AC-0C9D-4A0F-8F76-99B07B56340E}.Release|Any CPU.Build.0 = Release|Any CPU
	EndGlobalSection
	GlobalSection(SolutionProperties) = preSolution
		HideSolutionNode = FALSE
	EndGlobalSection
EndGlobal
